{
	"name": "@jkpulido/inferno-bulma-components",
	"version": "1.1.2",
	"lockfileVersion": 1,
	"requires": true,
	"dependencies": {
		"bulma": {
			"version": "0.7.3",
			"resolved": "https://registry.npmjs.org/bulma/-/bulma-0.7.3.tgz",
			"integrity": "sha512-p8JDEyB+joDwH85QcD1bT2AjYnltiN6nh+BDcIX3UP5e2N+HGeeGpdYv+ODEtE7q/SUZTZ4KHx9TP2VbnezU6Q=="
		},
		"font-awesome": {
			"version": "4.7.0",
			"resolved": "https://registry.npmjs.org/font-awesome/-/font-awesome-4.7.0.tgz",
			"integrity": "sha1-j6jPBBGhoxr9B7BtKQK7n8gVoTM="
		}
	}
}
